
Microsoft Visual Studio Solution File, Format Version 12.00
# Visual Studio Version 17
VisualStudioVersion = 17.1.32407.343
MinimumVisualStudioVersion = 10.0.40219.1
Project("{FAE04EC0-301F-11D3-BF4B-00C04F79EFBC}") = "SoftPlus", "SoftPlus\SoftPlus.csproj", "{2A8F46A9-61F9-4AC9-A5B9-2C81306FF3A2}"
EndProject
Global
	GlobalSection(SolutionConfigurationPlatforms) = preSolution
		Debug|Any CPU = Debug|Any CPU
		Release|Any CPU = Release|Any CPU
	EndGlobalSection
	GlobalSection(ProjectConfigurationPlatforms) = postSolution
		{2A8F46A9-61F9-4AC9-A5B9-2C81306FF3A2}.Debug|Any CPU.ActiveCfg = Debug|Any CPU
		{2A8F46A9-61F9-4AC9-A5B9-2C81306FF3A2}.Debug|Any CPU.Build.0 = Debug|Any CPU
		{2A8F46A9-61F9-4AC9-A5B9-2C81306FF3A2}.Release|Any CPU.ActiveCfg = Release|Any CPU
		{2A8F46A9-61F9-4AC9-A5B9-2C81306FF3A2}.Release|Any CPU.Build.0 = Release|Any CPU
	EndGlobalSection
	GlobalSection(SolutionProperties) = preSolution
		HideSolutionNode = FALSE
	EndGlobalSection
	GlobalSection(ExtensibilityGlobals) = postSolution
		SolutionGuid = {55836B98-49D7-46B7-B5FE-4FC2B3C5B738}
	EndGlobalSection
EndGlobal
